
Microsoft Visual Studio Solution File, Format Version 12.00
# Visual Studio 15
VisualStudioVersion = 15.0.27130.2036
MinimumVisualStudioVersion = 10.0.40219.1
Project("{9A19103F-16F7-4668-BE54-9A1E7A4F7556}") = "BarkBooking.Identity.IdentityServer", "BarkBooking.Identity.IdentityServer\BarkBooking.Identity.IdentityServer.csproj", "{8CD30BCE-63D3-4397-87ED-6CE7705FABA7}"
EndProject
Global
	GlobalSection(SolutionConfigurationPlatforms) = preSolution
		Debug|Any CPU = Debug|Any CPU
		Release|Any CPU = Release|Any CPU
	EndGlobalSection
	GlobalSection(ProjectConfigurationPlatforms) = postSolution
		{8CD30BCE-63D3-4397-87ED-6CE7705FABA7}.Debug|Any CPU.ActiveCfg = Debug|Any CPU
		{8CD30BCE-63D3-4397-87ED-6CE7705FABA7}.Debug|Any CPU.Build.0 = Debug|Any CPU
		{8CD30BCE-63D3-4397-87ED-6CE7705FABA7}.Release|Any CPU.ActiveCfg = Release|Any CPU
		{8CD30BCE-63D3-4397-87ED-6CE7705FABA7}.Release|Any CPU.Build.0 = Release|Any CPU
	EndGlobalSection
	GlobalSection(SolutionProperties) = preSolution
		HideSolutionNode = FALSE
	EndGlobalSection
	GlobalSection(ExtensibilityGlobals) = postSolution
		SolutionGuid = {6D32CF95-475F-493A-860C-D3987766CEC8}
	EndGlobalSection
EndGlobal
